
Microsoft Visual Studio Solution File, Format Version 12.00
# Visual Studio Version 17
VisualStudioVersion = 17.4.33103.184
MinimumVisualStudioVersion = 10.0.40219.1
Project("{FAE04EC0-301F-11D3-BF4B-00C04F79EFBC}") = "MyApiTrain", "MyApiTrain\MyApiTrain.csproj", "{5F16B482-EBF9-4D15-897E-548E7A32282B}"
EndProject
Global
	GlobalSection(SolutionConfigurationPlatforms) = preSolution
		Debug|Any CPU = Debug|Any CPU
		Release|Any CPU = Release|Any CPU
	EndGlobalSection
	GlobalSection(ProjectConfigurationPlatforms) = postSolution
		{5F16B482-EBF9-4D15-897E-548E7A32282B}.Debug|Any CPU.ActiveCfg = Debug|Any CPU
		{5F16B482-EBF9-4D15-897E-548E7A32282B}.Debug|Any CPU.Build.0 = Debug|Any CPU
		{5F16B482-EBF9-4D15-897E-548E7A32282B}.Release|Any CPU.ActiveCfg = Release|Any CPU
		{5F16B482-EBF9-4D15-897E-548E7A32282B}.Release|Any CPU.Build.0 = Release|Any CPU
	EndGlobalSection
	GlobalSection(SolutionProperties) = preSolution
		HideSolutionNode = FALSE
	EndGlobalSection
	GlobalSection(ExtensibilityGlobals) = postSolution
		SolutionGuid = {0378B83D-7679-4F66-98D7-5158CB15A7DB}
	EndGlobalSection
EndGlobal
